
Microsoft Visual Studio Solution File, Format Version 12.00
# Visual Studio Version 16
VisualStudioVersion = 16.0.29806.167
MinimumVisualStudioVersion = 10.0.40219.1
Project("{FAE04EC0-301F-11D3-BF4B-00C04F79EFBC}") = "RegistroAcademico", "RegistroAcademico\RegistroAcademico.csproj", "{9DBA389E-3E3C-47F7-92FA-B3F51F86A8F0}"
EndProject
Global
	GlobalSection(SolutionConfigurationPlatforms) = preSolution
		Debug|Any CPU = Debug|Any CPU
		Release|Any CPU = Release|Any CPU
	EndGlobalSection
	GlobalSection(ProjectConfigurationPlatforms) = postSolution
		{9DBA389E-3E3C-47F7-92FA-B3F51F86A8F0}.Debug|Any CPU.ActiveCfg = Debug|Any CPU
		{9DBA389E-3E3C-47F7-92FA-B3F51F86A8F0}.Debug|Any CPU.Build.0 = Debug|Any CPU
		{9DBA389E-3E3C-47F7-92FA-B3F51F86A8F0}.Release|Any CPU.ActiveCfg = Release|Any CPU
		{9DBA389E-3E3C-47F7-92FA-B3F51F86A8F0}.Release|Any CPU.Build.0 = Release|Any CPU
	EndGlobalSection
	GlobalSection(SolutionProperties) = preSolution
		HideSolutionNode = FALSE
	EndGlobalSection
	GlobalSection(ExtensibilityGlobals) = postSolution
		SolutionGuid = {8577E2E7-4808-494A-BD28-05FC1270EABF}
	EndGlobalSection
EndGlobal
